
Microsoft Visual Studio Solution File, Format Version 12.00
# Visual Studio Version 16
VisualStudioVersion = 16.0.30011.22
MinimumVisualStudioVersion = 10.0.40219.1
Project("{9A19103F-16F7-4668-BE54-9A1E7A4F7556}") = "ReflectionMapper", "ReflectionMapper\ReflectionMapper.csproj", "{327D6E15-2D49-4D5F-B619-946ED538F71D}"
EndProject
Project("{2150E333-8FDC-42A3-9474-1A3956D46DE8}") = "SolutionItems", "SolutionItems", "{DE678E65-217E-4D07-95F0-69A86F68A573}"
	ProjectSection(SolutionItems) = preProject
		..\.github\workflows\dotnetcore.yml = ..\.github\workflows\dotnetcore.yml
	EndProjectSection
EndProject
Global
	GlobalSection(SolutionConfigurationPlatforms) = preSolution
		Debug|Any CPU = Debug|Any CPU
		Release|Any CPU = Release|Any CPU
	EndGlobalSection
	GlobalSection(ProjectConfigurationPlatforms) = postSolution
		{327D6E15-2D49-4D5F-B619-946ED538F71D}.Debug|Any CPU.ActiveCfg = Debug|Any CPU
		{327D6E15-2D49-4D5F-B619-946ED538F71D}.Debug|Any CPU.Build.0 = Debug|Any CPU
		{327D6E15-2D49-4D5F-B619-946ED538F71D}.Release|Any CPU.ActiveCfg = Release|Any CPU
		{327D6E15-2D49-4D5F-B619-946ED538F71D}.Release|Any CPU.Build.0 = Release|Any CPU
	EndGlobalSection
	GlobalSection(SolutionProperties) = preSolution
		HideSolutionNode = FALSE
	EndGlobalSection
	GlobalSection(ExtensibilityGlobals) = postSolution
		SolutionGuid = {91507C0B-DDD8-4C7C-AFAB-2E9A475B81EF}
	EndGlobalSection
EndGlobal
